
Microsoft Visual Studio Solution File, Format Version 12.00
Project("{FAE04EC0-301F-11D3-BF4B-00C04F79EFBC}") = "Database Benchmarking", "Database Benchmarking.csproj", "{ABCB375E-DFE1-4080-885D-803251DEC831}"
EndProject
Global
	GlobalSection(SolutionConfigurationPlatforms) = preSolution
		Debug|Any CPU = Debug|Any CPU
		Release|Any CPU = Release|Any CPU
	EndGlobalSection
	GlobalSection(ProjectConfigurationPlatforms) = postSolution
		{ABCB375E-DFE1-4080-885D-803251DEC831}.Debug|Any CPU.ActiveCfg = Debug|Any CPU
		{ABCB375E-DFE1-4080-885D-803251DEC831}.Debug|Any CPU.Build.0 = Debug|Any CPU
		{ABCB375E-DFE1-4080-885D-803251DEC831}.Release|Any CPU.ActiveCfg = Release|Any CPU
		{ABCB375E-DFE1-4080-885D-803251DEC831}.Release|Any CPU.Build.0 = Release|Any CPU
	EndGlobalSection
EndGlobal
